
Microsoft Visual Studio Solution File, Format Version 11.00
# Visual Studio 2010
Project("{FAE04EC0-301F-11D3-BF4B-00C04F79EFBC}") = "ChelasSketch", "chelasSketch\ChelasSketch.csproj", "{222F5B9B-40F6-4088-899B-0A5B5904DD2E}"
EndProject
Global
	GlobalSection(SolutionConfigurationPlatforms) = preSolution
		Debug|Any CPU = Debug|Any CPU
		Release|Any CPU = Release|Any CPU
	EndGlobalSection
	GlobalSection(ProjectConfigurationPlatforms) = postSolution
		{222F5B9B-40F6-4088-899B-0A5B5904DD2E}.Debug|Any CPU.ActiveCfg = Debug|Any CPU
		{222F5B9B-40F6-4088-899B-0A5B5904DD2E}.Debug|Any CPU.Build.0 = Debug|Any CPU
		{222F5B9B-40F6-4088-899B-0A5B5904DD2E}.Release|Any CPU.ActiveCfg = Release|Any CPU
		{222F5B9B-40F6-4088-899B-0A5B5904DD2E}.Release|Any CPU.Build.0 = Release|Any CPU
	EndGlobalSection
	GlobalSection(SolutionProperties) = preSolution
		HideSolutionNode = FALSE
	EndGlobalSection
EndGlobal
